
Microsoft Visual Studio Solution File, Format Version 12.00
# Visual Studio 15
Project("{FAE04EC0-301F-11D3-BF4B-00C04F79EFBC}") = "Mediapipe.Tests.EditMode", "Mediapipe.Tests.EditMode.csproj", "{BE04F059-4CF7-4C03-8B52-C63A21DF7802}"
EndProject
Project("{FAE04EC0-301F-11D3-BF4B-00C04F79EFBC}") = "Mediapipe.Runtime", "Mediapipe.Runtime.csproj", "{6EB89B5F-DEF0-288D-C72A-67F66CBC7478}"
EndProject
Project("{FAE04EC0-301F-11D3-BF4B-00C04F79EFBC}") = "Assembly-CSharp", "Assembly-CSharp.csproj", "{C4E6C37B-1013-5486-F7B1-F09717F12FE5}"
EndProject
Global
	GlobalSection(SolutionConfigurationPlatforms) = preSolution
		Debug|Any CPU = Debug|Any CPU
		Release|Any CPU = Release|Any CPU
	EndGlobalSection
	GlobalSection(ProjectConfigurationPlatforms) = postSolution
		{BE04F059-4CF7-4C03-8B52-C63A21DF7802}.Debug|Any CPU.ActiveCfg = Debug|Any CPU
		{BE04F059-4CF7-4C03-8B52-C63A21DF7802}.Debug|Any CPU.Build.0 = Debug|Any CPU
		{BE04F059-4CF7-4C03-8B52-C63A21DF7802}.Release|Any CPU.ActiveCfg = Release|Any CPU
		{BE04F059-4CF7-4C03-8B52-C63A21DF7802}.Release|Any CPU.Build.0 = Release|Any CPU
		{6EB89B5F-DEF0-288D-C72A-67F66CBC7478}.Debug|Any CPU.ActiveCfg = Debug|Any CPU
		{6EB89B5F-DEF0-288D-C72A-67F66CBC7478}.Debug|Any CPU.Build.0 = Debug|Any CPU
		{6EB89B5F-DEF0-288D-C72A-67F66CBC7478}.Release|Any CPU.ActiveCfg = Release|Any CPU
		{6EB89B5F-DEF0-288D-C72A-67F66CBC7478}.Release|Any CPU.Build.0 = Release|Any CPU
		{C4E6C37B-1013-5486-F7B1-F09717F12FE5}.Debug|Any CPU.ActiveCfg = Debug|Any CPU
		{C4E6C37B-1013-5486-F7B1-F09717F12FE5}.Debug|Any CPU.Build.0 = Debug|Any CPU
		{C4E6C37B-1013-5486-F7B1-F09717F12FE5}.Release|Any CPU.ActiveCfg = Release|Any CPU
		{C4E6C37B-1013-5486-F7B1-F09717F12FE5}.Release|Any CPU.Build.0 = Release|Any CPU
	EndGlobalSection
	GlobalSection(SolutionProperties) = preSolution
		HideSolutionNode = FALSE
	EndGlobalSection
EndGlobal
